
Microsoft Visual Studio Solution File, Format Version 12.00
# Visual Studio Version 16
VisualStudioVersion = 16.0.30717.126
MinimumVisualStudioVersion = 10.0.40219.1
Project("{FAE04EC0-301F-11D3-BF4B-00C04F79EFBC}") = "Curso.API", "Curso.API.csproj", "{8DE8EC19-78A1-4FD9-8BC9-B35E30DF4618}"
EndProject
Global
	GlobalSection(SolutionConfigurationPlatforms) = preSolution
		Debug|Any CPU = Debug|Any CPU
		Release|Any CPU = Release|Any CPU
	EndGlobalSection
	GlobalSection(ProjectConfigurationPlatforms) = postSolution
		{8DE8EC19-78A1-4FD9-8BC9-B35E30DF4618}.Debug|Any CPU.ActiveCfg = Debug|Any CPU
		{8DE8EC19-78A1-4FD9-8BC9-B35E30DF4618}.Debug|Any CPU.Build.0 = Debug|Any CPU
		{8DE8EC19-78A1-4FD9-8BC9-B35E30DF4618}.Release|Any CPU.ActiveCfg = Release|Any CPU
		{8DE8EC19-78A1-4FD9-8BC9-B35E30DF4618}.Release|Any CPU.Build.0 = Release|Any CPU
	EndGlobalSection
	GlobalSection(SolutionProperties) = preSolution
		HideSolutionNode = FALSE
	EndGlobalSection
	GlobalSection(ExtensibilityGlobals) = postSolution
		SolutionGuid = {BE60D097-EE0B-424A-9D1C-7D620EC69AE8}
	EndGlobalSection
EndGlobal
